<?xml version="1.0" encoding="utf-8"?>
<Project ToolsVersion="4.0" xmlns="http://schemas.microsoft.com/developer/msbuild/2003">
  <ItemGroup>
    <Filter Include="源文件">
      <UniqueIdentifier>{4FC737F1-C7A5-4376-A066-2A32D752A2FF}</UniqueIdentifier>
      <Extensions>cpp;c;cc;cxx;def;odl;idl;hpj;bat;asm;asmx</Extensions>
    </Filter>
    <Filter Include="头文件">
      <UniqueIdentifier>{93995380-89BD-4b04-88EB-625FBE52EBFB}</UniqueIdentifier>
      <Extensions>h;hpp;hxx;hm;inl;inc;xsd</Extensions>
    </Filter>
  </ItemGroup>
  <ItemGroup>
    <ClInclude Include="IRCore.h">
      <Filter>头文件</Filter>
    </ClInclude>
    <ClInclude Include="IRConnect.h">
      <Filter>头文件</Filter>
    </ClInclude>
    <ClInclude Include="IRStream.h">
      <Filter>头文件</Filter>
    </ClInclude>
  </ItemGroup>
  <ItemGroup>
    <ClCompile Include="IRCore.cpp">
      <Filter>源文件</Filter>
    </ClCompile>
    <ClCompile Include="IRConnect.cpp">
      <Filter>源文件</Filter>
    </ClCompile>
    <ClCompile Include="IRStream.cpp">
      <Filter>源文件</Filter>
    </ClCompile>
  </ItemGroup>
  <ItemGroup>
    <None Include="IRCore.def">
      <Filter>源文件</Filter>
    </None>
  </ItemGroup>
</Project>